// !$*UTF8*$!
{
	archiveVersion = 1;
	classes = {
	};
	objectVersion = 77;
	objects = {

/* Begin PBXBuildFile section */
		E001E0012F2E9AC50076E111 /* ElekterEestis Widget.appex in Embed Foundation Extensions */ = {isa = PBXBuildFile; fileRef = E001E0022F2E9AC50076E111 /* ElekterEestis Widget.appex */; };
		C0CE300C2F30000100AC3BB5 /* XCTest.framework in Frameworks */ = {isa = PBXBuildFile; fileRef = C0CE300B2F30000100AC3BB5 /* XCTest.framework */; };
/* End PBXBuildFile section */

/* Begin PBXContainerItemProxy section */
		E001E0072F2E9AC50076E111 /* PBXContainerItemProxy */ = {
			isa = PBXContainerItemProxy;
			containerPortal = E001E0042F2E9AC30076E111 /* Project object */;
			proxyType = 1;
			remoteGlobalIDString = E001E0082F2E9AC50076E111;
			remoteInfo = "ElekterEestis Widget";
		};
		C0CE300A2F30000100AC3BB5 /* PBXContainerItemProxy */ = {
			isa = PBXContainerItemProxy;
			containerPortal = E001E0042F2E9AC30076E111 /* Project object */;
			proxyType = 1;
			remoteGlobalIDString = E001E0052F2E9AC30076E111;
			remoteInfo = ElekterEestis;
		};
/* End PBXContainerItemProxy section */

/* Begin PBXCopyFilesBuildPhase section */
		E001E0092F2E9AC50076E111 /* Embed Foundation Extensions */ = {
			isa = PBXCopyFilesBuildPhase;
			buildActionMask = 2147483647;
			dstPath = "";
			dstSubfolderSpec = 13;
			files = (
				E001E0012F2E9AC50076E111 /* ElekterEestis Widget.appex in Embed Foundation Extensions */,
			);
			name = "Embed Foundation Extensions";
			runOnlyForDeploymentPostprocessing = 0;
		};
/* End PBXCopyFilesBuildPhase section */

/* Begin PBXFileReference section */
		E001E0022F2E9AC50076E111 /* ElekterEestis Widget.appex */ = {isa = PBXFileReference; explicitFileType = "wrapper.app-extension"; includeInIndex = 0; path = "ElekterEestis Widget.appex"; sourceTree = BUILT_PRODUCTS_DIR; };
		E001E00A2F2E9AC30076E111 /* ElekterEestis.app */ = {isa = PBXFileReference; explicitFileType = wrapper.application; includeInIndex = 0; path = ElekterEestis.app; sourceTree = BUILT_PRODUCTS_DIR; };
		C0CE30022F30000100AC3BB5 /* ElekterEestisTests.xctest */ = {isa = PBXFileReference; explicitFileType = wrapper.cfbundle; includeInIndex = 0; path = ElekterEestisTests.xctest; sourceTree = BUILT_PRODUCTS_DIR; };
		C0CE300B2F30000100AC3BB5 /* XCTest.framework */ = {isa = PBXFileReference; lastKnownFileType = wrapper.framework; name = XCTest.framework; path = System/Library/Frameworks/XCTest.framework; sourceTree = SDKROOT; };
/* End PBXFileReference section */

/* Begin PBXFileSystemSynchronizedBuildFileExceptionSet section */
		C0CE2DE52F2FCDC200AC3BB5 /* Exceptions for "ElekterEestis" folder in "ElekterEestis Widget" target */ = {
			isa = PBXFileSystemSynchronizedBuildFileExceptionSet;
			membershipExceptions = (
				Models/ElectricityPrice.swift,
				Shared/PriceDisplayStyle.swift,
				Shared/SharedConstants.swift,
			);
			target = E001E0082F2E9AC50076E111 /* ElekterEestis Widget */;
		};
		C0CE2E192F2FEA1D00AC3BB5 /* Exceptions for "ElekterEestis" folder in "ElekterEestis" target */ = {
			isa = PBXFileSystemSynchronizedBuildFileExceptionSet;
			membershipExceptions = (
				Info.plist,
			);
			target = E001E0052F2E9AC30076E111 /* ElekterEestis */;
		};
/* End PBXFileSystemSynchronizedBuildFileExceptionSet section */

/* Begin PBXFileSystemSynchronizedRootGroup section */
		E001E00E2F2E9AC30076E111 /* ElekterEestis */ = {
			isa = PBXFileSystemSynchronizedRootGroup;
			exceptions = (
				C0CE2E192F2FEA1D00AC3BB5 /* Exceptions for "ElekterEestis" folder in "ElekterEestis" target */,
				C0CE2DE52F2FCDC200AC3BB5 /* Exceptions for "ElekterEestis" folder in "ElekterEestis Widget" target */,
			);
			path = ElekterEestis;
			sourceTree = "<group>";
		};
		E001E00F2F2E9AC50076E111 /* ElekterEestis Widget */ = {
			isa = PBXFileSystemSynchronizedRootGroup;
			path = "ElekterEestis Widget";
			sourceTree = "<group>";
		};
		C0CE30002F30000100AC3BB5 /* ElekterEestisTests */ = {
			isa = PBXFileSystemSynchronizedRootGroup;
			path = ElekterEestisTests;
			sourceTree = "<group>";
		};
		C0CE300E2F30000100AC3BB5 /* ElekterEestis/Shared */ = {
			isa = PBXFileSystemSynchronizedRootGroup;
			path = ElekterEestis/Shared;
			sourceTree = "<group>";
		};
/* End PBXFileSystemSynchronizedRootGroup section */

/* Begin PBXFrameworksBuildPhase section */
		E001E0102F2E9AC30076E111 /* Frameworks */ = {
			isa = PBXFrameworksBuildPhase;
			buildActionMask = 2147483647;
			files = (
			);
			runOnlyForDeploymentPostprocessing = 0;
		};
		E001E0132F2E9AC50076E111 /* Frameworks */ = {
			isa = PBXFrameworksBuildPhase;
			buildActionMask = 2147483647;
			files = (
			);
			runOnlyForDeploymentPostprocessing = 0;
		};
		C0CE30042F30000100AC3BB5 /* Frameworks */ = {
			isa = PBXFrameworksBuildPhase;
			buildActionMask = 2147483647;
			files = (
				C0CE300C2F30000100AC3BB5 /* XCTest.framework in Frameworks */,
			);
			runOnlyForDeploymentPostprocessing = 0;
		};
/* End PBXFrameworksBuildPhase section */

/* Begin PBXGroup section */
	E001E0142F2E9AC30076E111 = {
		isa = PBXGroup;
		children = (
			E001E00E2F2E9AC30076E111 /* ElekterEestis */,
			E001E00F2F2E9AC50076E111 /* ElekterEestis Widget */,
			C0CE30002F30000100AC3BB5 /* ElekterEestisTests */,
			C0CE300D2F30000100AC3BB5 /* Frameworks */,
			E001E0152F2E9AC30076E111 /* Products */,
		);
		sourceTree = "<group>";
	};
	E001E0152F2E9AC30076E111 /* Products */ = {
		isa = PBXGroup;
		children = (
			E001E00A2F2E9AC30076E111 /* ElekterEestis.app */,
			E001E0022F2E9AC50076E111 /* ElekterEestis Widget.appex */,
			C0CE30022F30000100AC3BB5 /* ElekterEestisTests.xctest */,
		);
		name = Products;
		sourceTree = "<group>";
	};
	C0CE300D2F30000100AC3BB5 /* Frameworks */ = {
		isa = PBXGroup;
		children = (
			C0CE300B2F30000100AC3BB5 /* XCTest.framework */,
		);
		name = Frameworks;
		sourceTree = "<group>";
	};
/* End PBXGroup section */

/* Begin PBXNativeTarget section */
		E001E0052F2E9AC30076E111 /* ElekterEestis */ = {
			isa = PBXNativeTarget;
			buildConfigurationList = E001E0162F2E9AC50076E111 /* Build configuration list for PBXNativeTarget "ElekterEestis" */;
			buildPhases = (
				E001E0172F2E9AC30076E111 /* Sources */,
				E001E0102F2E9AC30076E111 /* Frameworks */,
				E001E0182F2E9AC30076E111 /* Resources */,
				E001E0092F2E9AC50076E111 /* Embed Foundation Extensions */,
			);
			buildRules = (
			);
			dependencies = (
				E001E0192F2E9AC50076E111 /* PBXTargetDependency */,
			);
			fileSystemSynchronizedGroups = (
				E001E00E2F2E9AC30076E111 /* ElekterEestis */,
			);
			name = ElekterEestis;
			packageProductDependencies = (
			);
			productName = ElekterEestis;
			productReference = E001E00A2F2E9AC30076E111 /* ElekterEestis.app */;
			productType = "com.apple.product-type.application";
		};
	E001E0082F2E9AC50076E111 /* ElekterEestis Widget */ = {
		isa = PBXNativeTarget;
		buildConfigurationList = E001E0242F2E9AC50076E111 /* Build configuration list for PBXNativeTarget "ElekterEestis Widget" */;
		buildPhases = (
			E001E0252F2E9AC50076E111 /* Sources */,
			E001E0132F2E9AC50076E111 /* Frameworks */,
			E001E0262F2E9AC50076E111 /* Resources */,
		);
		buildRules = (
		);
		dependencies = (
		);
		fileSystemSynchronizedGroups = (
			E001E00F2F2E9AC50076E111 /* ElekterEestis Widget */,
			C0CE300E2F30000100AC3BB5 /* ElekterEestis/Shared */,
		);
		name = "ElekterEestis Widget";
		packageProductDependencies = (
		);
		productName = "ElekterEestis Widget";
		productReference = E001E0022F2E9AC50076E111 /* ElekterEestis Widget.appex */;
		productType = "com.apple.product-type.app-extension";
	};
	C0CE30012F30000100AC3BB5 /* ElekterEestisTests */ = {
		isa = PBXNativeTarget;
		buildConfigurationList = C0CE30062F30000100AC3BB5 /* Build configuration list for PBXNativeTarget "ElekterEestisTests" */;
		buildPhases = (
			C0CE30032F30000100AC3BB5 /* Sources */,
			C0CE30042F30000100AC3BB5 /* Frameworks */,
			C0CE30052F30000100AC3BB5 /* Resources */,
		);
		buildRules = (
		);
		dependencies = (
			C0CE30092F30000100AC3BB5 /* PBXTargetDependency */,
		);
		fileSystemSynchronizedGroups = (
			C0CE30002F30000100AC3BB5 /* ElekterEestisTests */,
		);
		name = ElekterEestisTests;
		packageProductDependencies = (
		);
		productName = ElekterEestisTests;
		productReference = C0CE30022F30000100AC3BB5 /* ElekterEestisTests.xctest */;
		productType = "com.apple.product-type.bundle.unit-test";
	};
/* End PBXNativeTarget section */

/* Begin PBXProject section */
		E001E0042F2E9AC30076E111 /* Project object */ = {
			isa = PBXProject;
			attributes = {
				BuildIndependentTargetsInParallel = 1;
				LastSwiftUpdateCheck = 2600;
				LastUpgradeCheck = 2600;
				TargetAttributes = {
					E001E0052F2E9AC30076E111 = {
						CreatedOnToolsVersion = 26.0.1;
					};
					E001E0082F2E9AC50076E111 = {
						CreatedOnToolsVersion = 26.0.1;
					};
					C0CE30012F30000100AC3BB5 = {
						CreatedOnToolsVersion = 26.0.1;
					};
				};
			};
			buildConfigurationList = E001E0272F2E9AC30076E111 /* Build configuration list for PBXProject "ElekterEestis" */;
			developmentRegion = en;
			hasScannedForEncodings = 0;
			knownRegions = (
				en,
				Base,
			);
			mainGroup = E001E0142F2E9AC30076E111;
			minimizedProjectReferenceProxies = 1;
			preferredProjectObjectVersion = 77;
			productRefGroup = E001E0152F2E9AC30076E111 /* Products */;
			projectDirPath = "";
			projectRoot = "";
		targets = (
			E001E0052F2E9AC30076E111 /* ElekterEestis */,
			E001E0082F2E9AC50076E111 /* ElekterEestis Widget */,
			C0CE30012F30000100AC3BB5 /* ElekterEestisTests */,
		);
	};
/* End PBXProject section */

/* Begin PBXResourcesBuildPhase section */
		E001E0182F2E9AC30076E111 /* Resources */ = {
			isa = PBXResourcesBuildPhase;
			buildActionMask = 2147483647;
			files = (
			);
			runOnlyForDeploymentPostprocessing = 0;
		};
		E001E0262F2E9AC50076E111 /* Resources */ = {
			isa = PBXResourcesBuildPhase;
			buildActionMask = 2147483647;
			files = (
			);
			runOnlyForDeploymentPostprocessing = 0;
		};
		C0CE30052F30000100AC3BB5 /* Resources */ = {
			isa = PBXResourcesBuildPhase;
			buildActionMask = 2147483647;
			files = (
			);
			runOnlyForDeploymentPostprocessing = 0;
		};
/* End PBXResourcesBuildPhase section */

/* Begin PBXSourcesBuildPhase section */
		E001E0172F2E9AC30076E111 /* Sources */ = {
			isa = PBXSourcesBuildPhase;
			buildActionMask = 2147483647;
			files = (
			);
			runOnlyForDeploymentPostprocessing = 0;
		};
		E001E0252F2E9AC50076E111 /* Sources */ = {
			isa = PBXSourcesBuildPhase;
			buildActionMask = 2147483647;
			files = (
			);
			runOnlyForDeploymentPostprocessing = 0;
		};
		C0CE30032F30000100AC3BB5 /* Sources */ = {
			isa = PBXSourcesBuildPhase;
			buildActionMask = 2147483647;
			files = (
			);
			runOnlyForDeploymentPostprocessing = 0;
		};
/* End PBXSourcesBuildPhase section */

/* Begin PBXTargetDependency section */
		E001E0192F2E9AC50076E111 /* PBXTargetDependency */ = {
			isa = PBXTargetDependency;
			target = E001E0082F2E9AC50076E111 /* ElekterEestis Widget */;
			targetProxy = E001E0072F2E9AC50076E111 /* PBXContainerItemProxy */;
		};
		C0CE30092F30000100AC3BB5 /* PBXTargetDependency */ = {
			isa = PBXTargetDependency;
			target = E001E0052F2E9AC30076E111 /* ElekterEestis */;
			targetProxy = C0CE300A2F30000100AC3BB5 /* PBXContainerItemProxy */;
		};
/* End PBXTargetDependency section */

/* Begin XCBuildConfiguration section */
		E001E0282F2E9AC50076E111 /* Debug */ = {
			isa = XCBuildConfiguration;
			buildSettings = {
				ALWAYS_SEARCH_USER_PATHS = NO;
				ASSETCATALOG_COMPILER_GENERATE_SWIFT_ASSET_SYMBOL_EXTENSIONS = YES;
				CLANG_ANALYZER_NONNULL = YES;
				CLANG_ANALYZER_NUMBER_OBJECT_CONVERSION = YES_AGGRESSIVE;
				CLANG_CXX_LANGUAGE_STANDARD = "gnu++20";
				CLANG_ENABLE_MODULES = YES;
				CLANG_ENABLE_OBJC_ARC = YES;
				CLANG_ENABLE_OBJC_WEAK = YES;
				CLANG_WARN_BLOCK_CAPTURE_AUTORELEASING = YES;
				CLANG_WARN_BOOL_CONVERSION = YES;
				CLANG_WARN_COMMA = YES;
				CLANG_WARN_CONSTANT_CONVERSION = YES;
				CLANG_WARN_DEPRECATED_OBJC_IMPLEMENTATIONS = YES;
				CLANG_WARN_DIRECT_OBJC_ISA_USAGE = YES_ERROR;
				CLANG_WARN_DOCUMENTATION_COMMENTS = YES;
				CLANG_WARN_EMPTY_BODY = YES;
				CLANG_WARN_ENUM_CONVERSION = YES;
				CLANG_WARN_INFINITE_RECURSION = YES;
				CLANG_WARN_INT_CONVERSION = YES;
				CLANG_WARN_NON_LITERAL_NULL_CONVERSION = YES;
				CLANG_WARN_OBJC_IMPLICIT_RETAIN_SELF = YES;
				CLANG_WARN_OBJC_LITERAL_CONVERSION = YES;
				CLANG_WARN_OBJC_ROOT_CLASS = YES_ERROR;
				CLANG_WARN_QUOTED_INCLUDE_IN_FRAMEWORK_HEADER = YES;
				CLANG_WARN_RANGE_LOOP_ANALYSIS = YES;
				CLANG_WARN_STRICT_PROTOTYPES = YES;
				CLANG_WARN_SUSPICIOUS_MOVE = YES;
				CLANG_WARN_UNGUARDED_AVAILABILITY = YES_AGGRESSIVE;
				CLANG_WARN_UNREACHABLE_CODE = YES;
				CLANG_WARN__DUPLICATE_METHOD_MATCH = YES;
				COPY_PHASE_STRIP = NO;
				DEBUG_INFORMATION_FORMAT = dwarf;
				DEVELOPMENT_TEAM = Q6B2DLVPJB;
				ENABLE_STRICT_OBJC_MSGSEND = YES;
				ENABLE_TESTABILITY = YES;
				ENABLE_USER_SCRIPT_SANDBOXING = YES;
				GCC_C_LANGUAGE_STANDARD = gnu17;
				GCC_DYNAMIC_NO_PIC = NO;
				GCC_NO_COMMON_BLOCKS = YES;
				GCC_OPTIMIZATION_LEVEL = 0;
				GCC_PREPROCESSOR_DEFINITIONS = (
					"DEBUG=1",
					"$(inherited)",
				);
				GCC_WARN_64_TO_32_BIT_CONVERSION = YES;
				GCC_WARN_ABOUT_RETURN_TYPE = YES_ERROR;
				GCC_WARN_UNDECLARED_SELECTOR = YES;
				GCC_WARN_UNINITIALIZED_AUTOS = YES_AGGRESSIVE;
				GCC_WARN_UNUSED_FUNCTION = YES;
				GCC_WARN_UNUSED_VARIABLE = YES;
				IPHONEOS_DEPLOYMENT_TARGET = 26.0;
				LOCALIZATION_PREFERS_STRING_CATALOGS = YES;
				MTL_ENABLE_DEBUG_INFO = INCLUDE_SOURCE;
				MTL_FAST_MATH = YES;
				ONLY_ACTIVE_ARCH = YES;
				SDKROOT = iphoneos;
				SWIFT_ACTIVE_COMPILATION_CONDITIONS = "DEBUG $(inherited)";
				SWIFT_OPTIMIZATION_LEVEL = "-Onone";
			};
			name = Debug;
		};
		E001E0292F2E9AC50076E111 /* Release */ = {
			isa = XCBuildConfiguration;
			buildSettings = {
				ALWAYS_SEARCH_USER_PATHS = NO;
				ASSETCATALOG_COMPILER_GENERATE_SWIFT_ASSET_SYMBOL_EXTENSIONS = YES;
				CLANG_ANALYZER_NONNULL = YES;
				CLANG_ANALYZER_NUMBER_OBJECT_CONVERSION = YES_AGGRESSIVE;
				CLANG_CXX_LANGUAGE_STANDARD = "gnu++20";
				CLANG_ENABLE_MODULES = YES;
				CLANG_ENABLE_OBJC_ARC = YES;
				CLANG_ENABLE_OBJC_WEAK = YES;
				CLANG_WARN_BLOCK_CAPTURE_AUTORELEASING = YES;
				CLANG_WARN_BOOL_CONVERSION = YES;
				CLANG_WARN_COMMA = YES;
				CLANG_WARN_CONSTANT_CONVERSION = YES;
				CLANG_WARN_DEPRECATED_OBJC_IMPLEMENTATIONS = YES;
				CLANG_WARN_DIRECT_OBJC_ISA_USAGE = YES_ERROR;
				CLANG_WARN_DOCUMENTATION_COMMENTS = YES;
				CLANG_WARN_EMPTY_BODY = YES;
				CLANG_WARN_ENUM_CONVERSION = YES;
				CLANG_WARN_INFINITE_RECURSION = YES;
				CLANG_WARN_INT_CONVERSION = YES;
				CLANG_WARN_NON_LITERAL_NULL_CONVERSION = YES;
				CLANG_WARN_OBJC_IMPLICIT_RETAIN_SELF = YES;
				CLANG_WARN_OBJC_LITERAL_CONVERSION = YES;
				CLANG_WARN_OBJC_ROOT_CLASS = YES_ERROR;
				CLANG_WARN_QUOTED_INCLUDE_IN_FRAMEWORK_HEADER = YES;
				CLANG_WARN_RANGE_LOOP_ANALYSIS = YES;
				CLANG_WARN_STRICT_PROTOTYPES = YES;
				CLANG_WARN_SUSPICIOUS_MOVE = YES;
				CLANG_WARN_UNGUARDED_AVAILABILITY = YES_AGGRESSIVE;
				CLANG_WARN_UNREACHABLE_CODE = YES;
				CLANG_WARN__DUPLICATE_METHOD_MATCH = YES;
				COPY_PHASE_STRIP = NO;
				DEBUG_INFORMATION_FORMAT = "dwarf-with-dsym";
				DEVELOPMENT_TEAM = Q6B2DLVPJB;
				ENABLE_NS_ASSERTIONS = NO;
				ENABLE_STRICT_OBJC_MSGSEND = YES;
				ENABLE_USER_SCRIPT_SANDBOXING = YES;
				GCC_C_LANGUAGE_STANDARD = gnu17;
				GCC_NO_COMMON_BLOCKS = YES;
				GCC_WARN_64_TO_32_BIT_CONVERSION = YES;
				GCC_WARN_ABOUT_RETURN_TYPE = YES_ERROR;
				GCC_WARN_UNDECLARED_SELECTOR = YES;
				GCC_WARN_UNINITIALIZED_AUTOS = YES_AGGRESSIVE;
				GCC_WARN_UNUSED_FUNCTION = YES;
				GCC_WARN_UNUSED_VARIABLE = YES;
				IPHONEOS_DEPLOYMENT_TARGET = 26.0;
				LOCALIZATION_PREFERS_STRING_CATALOGS = YES;
				MTL_ENABLE_DEBUG_INFO = NO;
				MTL_FAST_MATH = YES;
				SDKROOT = iphoneos;
				SWIFT_COMPILATION_MODE = wholemodule;
				VALIDATE_PRODUCT = YES;
			};
			name = Release;
		};
		E001E02A2F2E9AC50076E111 /* Debug */ = {
			isa = XCBuildConfiguration;
			buildSettings = {
				ASSETCATALOG_COMPILER_APPICON_NAME = AppIcon;
				ASSETCATALOG_COMPILER_GLOBAL_ACCENT_COLOR_NAME = AccentColor;
				CODE_SIGN_ENTITLEMENTS = ElekterEestis/ElekterEestis.entitlements;
				CODE_SIGN_STYLE = Automatic;
				CURRENT_PROJECT_VERSION = 8;
				DEVELOPMENT_TEAM = Q6B2DLVPJB;
				ENABLE_PREVIEWS = YES;
				GENERATE_INFOPLIST_FILE = YES;
				INFOPLIST_FILE = ElekterEestis/Info.plist;
				INFOPLIST_KEY_BGTaskSchedulerPermittedIdentifiers = "(\n  \"tauts.ElekterEestis.refresh\"\n)";
				INFOPLIST_KEY_CFBundleDisplayName = "Eesti elekter";
				INFOPLIST_KEY_UIApplicationSceneManifest_Generation = YES;
				INFOPLIST_KEY_UILaunchScreen_Generation = YES;
				INFOPLIST_KEY_UIRequiresFullScreen = YES;
				INFOPLIST_KEY_UISupportedInterfaceOrientations = UIInterfaceOrientationPortrait;
				IPHONEOS_DEPLOYMENT_TARGET = 18.0;
				LD_RUNPATH_SEARCH_PATHS = (
					"$(inherited)",
					"@executable_path/Frameworks",
				);
				MARKETING_VERSION = 1.0;
				PRODUCT_BUNDLE_IDENTIFIER = tauts.ElekterEestis;
				PRODUCT_NAME = "$(TARGET_NAME)";
				STRING_CATALOG_GENERATE_SYMBOLS = YES;
				SUPPORTED_PLATFORMS = "iphoneos iphonesimulator";
				SUPPORTS_MACCATALYST = NO;
				SWIFT_APPROACHABLE_CONCURRENCY = YES;
				SWIFT_DEFAULT_ACTOR_ISOLATION = MainActor;
				SWIFT_EMIT_LOC_STRINGS = YES;
				SWIFT_UPCOMING_FEATURE_MEMBER_IMPORT_VISIBILITY = YES;
				SWIFT_VERSION = 5.0;
				TARGETED_DEVICE_FAMILY = 1;
			};
			name = Debug;
		};
		E001E02B2F2E9AC50076E111 /* Release */ = {
			isa = XCBuildConfiguration;
			buildSettings = {
				ASSETCATALOG_COMPILER_APPICON_NAME = AppIcon;
				ASSETCATALOG_COMPILER_GLOBAL_ACCENT_COLOR_NAME = AccentColor;
				CODE_SIGN_ENTITLEMENTS = ElekterEestis/ElekterEestis.entitlements;
				CODE_SIGN_STYLE = Automatic;
				CURRENT_PROJECT_VERSION = 8;
				DEVELOPMENT_TEAM = Q6B2DLVPJB;
				ENABLE_PREVIEWS = YES;
				GENERATE_INFOPLIST_FILE = YES;
				INFOPLIST_FILE = ElekterEestis/Info.plist;
				INFOPLIST_KEY_BGTaskSchedulerPermittedIdentifiers = "(\n  \"tauts.ElekterEestis.refresh\"\n)";
				INFOPLIST_KEY_CFBundleDisplayName = "Eesti elekter";
				INFOPLIST_KEY_UIApplicationSceneManifest_Generation = YES;
				INFOPLIST_KEY_UILaunchScreen_Generation = YES;
				INFOPLIST_KEY_UIRequiresFullScreen = YES;
				INFOPLIST_KEY_UISupportedInterfaceOrientations = UIInterfaceOrientationPortrait;
				IPHONEOS_DEPLOYMENT_TARGET = 18.0;
				LD_RUNPATH_SEARCH_PATHS = (
					"$(inherited)",
					"@executable_path/Frameworks",
				);
				MARKETING_VERSION = 1.0;
				PRODUCT_BUNDLE_IDENTIFIER = tauts.ElekterEestis;
				PRODUCT_NAME = "$(TARGET_NAME)";
				STRING_CATALOG_GENERATE_SYMBOLS = YES;
				SUPPORTED_PLATFORMS = "iphoneos iphonesimulator";
				SUPPORTS_MACCATALYST = NO;
				SWIFT_APPROACHABLE_CONCURRENCY = YES;
				SWIFT_DEFAULT_ACTOR_ISOLATION = MainActor;
				SWIFT_EMIT_LOC_STRINGS = YES;
				SWIFT_UPCOMING_FEATURE_MEMBER_IMPORT_VISIBILITY = YES;
				SWIFT_VERSION = 5.0;
				TARGETED_DEVICE_FAMILY = 1;
			};
			name = Release;
		};
		E001E0302F2E9AC50076E111 /* Debug */ = {
			isa = XCBuildConfiguration;
			buildSettings = {
				CODE_SIGN_ENTITLEMENTS = "ElekterEestis Widget/ElekterEestis_Widget.entitlements";
				CODE_SIGN_STYLE = Automatic;
				CURRENT_PROJECT_VERSION = 1;
				DEVELOPMENT_TEAM = Q6B2DLVPJB;
				GENERATE_INFOPLIST_FILE = YES;
				INFOPLIST_FILE = "ElekterEestis-Widget-Info.plist";
				INFOPLIST_KEY_CFBundleDisplayName = Electricity;
				IPHONEOS_DEPLOYMENT_TARGET = 18.0;
				MARKETING_VERSION = 1.0;
				PRODUCT_BUNDLE_IDENTIFIER = "tauts.ElekterEestis.ElekterEestis-Widget";
				PRODUCT_NAME = "$(TARGET_NAME)";
				SKIP_INSTALL = YES;
				SWIFT_EMIT_LOC_STRINGS = NO;
				SWIFT_VERSION = 5.0;
				TARGETED_DEVICE_FAMILY = "1,2";
			};
			name = Debug;
		};
		E001E0312F2E9AC50076E111 /* Release */ = {
			isa = XCBuildConfiguration;
			buildSettings = {
				CODE_SIGN_ENTITLEMENTS = "ElekterEestis Widget/ElekterEestis_Widget.entitlements";
				CODE_SIGN_STYLE = Automatic;
				CURRENT_PROJECT_VERSION = 1;
				DEVELOPMENT_TEAM = Q6B2DLVPJB;
				GENERATE_INFOPLIST_FILE = YES;
				INFOPLIST_FILE = "ElekterEestis-Widget-Info.plist";
				INFOPLIST_KEY_CFBundleDisplayName = Electricity;
				IPHONEOS_DEPLOYMENT_TARGET = 18.0;
				MARKETING_VERSION = 1.0;
				PRODUCT_BUNDLE_IDENTIFIER = "tauts.ElekterEestis.ElekterEestis-Widget";
				PRODUCT_NAME = "$(TARGET_NAME)";
				SKIP_INSTALL = YES;
				SWIFT_EMIT_LOC_STRINGS = NO;
				SWIFT_VERSION = 5.0;
				TARGETED_DEVICE_FAMILY = "1,2";
			};
			name = Release;
		};
		C0CE30072F30000100AC3BB5 /* Debug */ = {
			isa = XCBuildConfiguration;
			buildSettings = {
				BUNDLE_LOADER = "$(TEST_HOST)";
				CODE_SIGN_STYLE = Automatic;
				CURRENT_PROJECT_VERSION = 1;
				DEVELOPMENT_TEAM = Q6B2DLVPJB;
				GENERATE_INFOPLIST_FILE = YES;
				INFOPLIST_KEY_CFBundleDisplayName = ElekterEestisTests;
				IPHONEOS_DEPLOYMENT_TARGET = 18.0;
				LD_RUNPATH_SEARCH_PATHS = (
					"$(inherited)",
					"@executable_path/Frameworks",
					"@loader_path/Frameworks",
				);
				MARKETING_VERSION = 1.0;
				PRODUCT_BUNDLE_IDENTIFIER = tauts.ElekterEestisTests;
				PRODUCT_NAME = "$(TARGET_NAME)";
				SKIP_INSTALL = YES;
				SWIFT_VERSION = 5.0;
				TEST_HOST = "$(BUILT_PRODUCTS_DIR)/ElekterEestis.app/ElekterEestis";
			};
			name = Debug;
		};
		C0CE30082F30000100AC3BB5 /* Release */ = {
			isa = XCBuildConfiguration;
			buildSettings = {
				BUNDLE_LOADER = "$(TEST_HOST)";
				CODE_SIGN_STYLE = Automatic;
				CURRENT_PROJECT_VERSION = 1;
				DEVELOPMENT_TEAM = Q6B2DLVPJB;
				GENERATE_INFOPLIST_FILE = YES;
				INFOPLIST_KEY_CFBundleDisplayName = ElekterEestisTests;
				IPHONEOS_DEPLOYMENT_TARGET = 18.0;
				LD_RUNPATH_SEARCH_PATHS = (
					"$(inherited)",
					"@executable_path/Frameworks",
					"@loader_path/Frameworks",
				);
				MARKETING_VERSION = 1.0;
				PRODUCT_BUNDLE_IDENTIFIER = tauts.ElekterEestisTests;
				PRODUCT_NAME = "$(TARGET_NAME)";
				SKIP_INSTALL = YES;
				SWIFT_VERSION = 5.0;
				TEST_HOST = "$(BUILT_PRODUCTS_DIR)/ElekterEestis.app/ElekterEestis";
			};
			name = Release;
		};
/* End XCBuildConfiguration section */

/* Begin XCConfigurationList section */
		E001E0162F2E9AC50076E111 /* Build configuration list for PBXNativeTarget "ElekterEestis" */ = {
			isa = XCConfigurationList;
			buildConfigurations = (
				E001E02A2F2E9AC50076E111 /* Debug */,
				E001E02B2F2E9AC50076E111 /* Release */,
			);
			defaultConfigurationIsVisible = 0;
			defaultConfigurationName = Release;
		};
		E001E0242F2E9AC50076E111 /* Build configuration list for PBXNativeTarget "ElekterEestis Widget" */ = {
			isa = XCConfigurationList;
			buildConfigurations = (
				E001E0302F2E9AC50076E111 /* Debug */,
				E001E0312F2E9AC50076E111 /* Release */,
			);
			defaultConfigurationIsVisible = 0;
			defaultConfigurationName = Release;
		};
		C0CE30062F30000100AC3BB5 /* Build configuration list for PBXNativeTarget "ElekterEestisTests" */ = {
			isa = XCConfigurationList;
			buildConfigurations = (
				C0CE30072F30000100AC3BB5 /* Debug */,
				C0CE30082F30000100AC3BB5 /* Release */,
			);
			defaultConfigurationIsVisible = 0;
			defaultConfigurationName = Release;
		};
		E001E0272F2E9AC30076E111 /* Build configuration list for PBXProject "ElekterEestis" */ = {
			isa = XCConfigurationList;
			buildConfigurations = (
				E001E0282F2E9AC50076E111 /* Debug */,
				E001E0292F2E9AC50076E111 /* Release */,
			);
			defaultConfigurationIsVisible = 0;
			defaultConfigurationName = Release;
		};
/* End XCConfigurationList section */
	};
	rootObject = E001E0042F2E9AC30076E111 /* Project object */;
}
